
Microsoft Visual Studio Solution File, Format Version 12.00
# Visual Studio 15
VisualStudioVersion = 15.0.27130.2027
MinimumVisualStudioVersion = 10.0.40219.1
Project("{FAE04EC0-301F-11D3-BF4B-00C04F79EFBC}") = "crud", "crud\crud.csproj", "{63350C71-9B4D-4E73-846D-F90426D9A001}"
EndProject
Global
	GlobalSection(SolutionConfigurationPlatforms) = preSolution
		Debug|Any CPU = Debug|Any CPU
		Release|Any CPU = Release|Any CPU
	EndGlobalSection
	GlobalSection(ProjectConfigurationPlatforms) = postSolution
		{63350C71-9B4D-4E73-846D-F90426D9A001}.Debug|Any CPU.ActiveCfg = Debug|Any CPU
		{63350C71-9B4D-4E73-846D-F90426D9A001}.Debug|Any CPU.Build.0 = Debug|Any CPU
		{63350C71-9B4D-4E73-846D-F90426D9A001}.Release|Any CPU.ActiveCfg = Release|Any CPU
		{63350C71-9B4D-4E73-846D-F90426D9A001}.Release|Any CPU.Build.0 = Release|Any CPU
	EndGlobalSection
	GlobalSection(SolutionProperties) = preSolution
		HideSolutionNode = FALSE
	EndGlobalSection
	GlobalSection(ExtensibilityGlobals) = postSolution
		SolutionGuid = {761C0511-5B59-454A-86A7-0CE2BC630134}
	EndGlobalSection
EndGlobal
